schema: '2.0'
stages:
  electronics:
    cmd: "kaggle datasets download mkechinov/ecommerce-purchase-history-from-electronics-store\
      \ --unzip -p data/external/ecommerce-purchase-history-from-electronics-store/.\n"
    outs:
    - path: data/external/ecommerce-purchase-history-from-electronics-store
      md5: feb282f55dc5fb63e386071091f83047.dir
      size: 298649047
      nfiles: 1
  brazil:
    cmd: "kaggle datasets download olistbr/brazilian-ecommerce --unzip -p data/external/brazilian-ecommerce\n"
    outs:
    - path: data/external/brazilian-ecommerce
      md5: a08f215af3c2085b9e19407925683ed6.dir
      size: 126144332
      nfiles: 9
  retail_ecommerce:
    cmd: "kaggle datasets download -d retailrocket/ecommerce-dataset --unzip -p data/external/ecommerce-dataset\n"
    outs:
    - path: data/external/ecommerce-dataset
      md5: 19cdee87944c59fc15c51396fe37cd88.dir
      size: 987498023
      nfiles: 4
  ecommerce:
    cmd: "kaggle datasets download -d carrie1/ecommerce-data --unzip -p data/external/ecommerce\n"
    outs:
    - path: data/external/ecommerce
      md5: 33fb1e3b72d99164291c38f4d8d073dc.dir
      size: 45580638
      nfiles: 1
  data:
    cmd: echo "Pulling all data"
    deps:
    - path: data/external/brazilian-ecommerce
      md5: a08f215af3c2085b9e19407925683ed6.dir
      size: 126144332
      nfiles: 9
    - path: data/external/ecommerce
      md5: 33fb1e3b72d99164291c38f4d8d073dc.dir
      size: 45580638
      nfiles: 1
    - path: data/external/ecommerce-dataset
      md5: 19cdee87944c59fc15c51396fe37cd88.dir
      size: 987498023
      nfiles: 4
    - path: data/external/ecommerce-purchase-history-from-electronics-store
      md5: feb282f55dc5fb63e386071091f83047.dir
      size: 298649047
      nfiles: 1
  ecommerce_implicit_eda:
    cmd: "cd notebooks && jupyter nbconvert --to notebook --inplace --execute ECommerce-Implicit-EDA.ipynb\n"
    deps:
    - path: data/external/ecommerce/data.csv
      md5: 0b010f31b58364489e68e4b54d106598
      size: 45580638
    - path: notebooks/ECommerce-Implicit-EDA.ipynb
      md5: 1ba7d663387070929d17ac5052f81974
      size: 80868
    outs:
    - path: data/interim/item_lookup.gz
      md5: 12e6230d1e192cec1f812e6d0b51b44b
      size: 52463
    - path: data/interim/selected_invoices.gz
      md5: 78d149afb4b65ae17851489e9a6064cd
      size: 361053
